dependencies:
- name: grafana-alloy
  repository: oci://registry-1.docker.io/bitnamicharts
  version: 1.0.7
- name: minio
  repository: oci://registry-1.docker.io/bitnamicharts
  version: 17.0.21
- name: common
  repository: oci://registry-1.docker.io/bitnamicharts
  version: 2.31.4
digest: sha256:35980540363c81e5dd3bdef23900c829c54aa7281fbb52500ed1d1a06980dc1a
generated: "2025-08-26T12:02:57.767160448Z"
