dependencies:
- name: redis
  repository: oci://registry-1.docker.io/bitnamicharts
  version: 22.0.7
- name: mongodb
  repository: oci://registry-1.docker.io/bitnamicharts
  version: 16.5.45
- name: common
  repository: oci://registry-1.docker.io/bitnamicharts
  version: 2.31.4
digest: sha256:b17679d2bacd1fc57435c40f086171ef24c83a71f374b221c34ebd32d20eb56e
generated: "2025-09-01T12:26:48.707719743Z"
